// !$*UTF8*$!
{
	archiveVersion = 1;
	classes = {
	};
	objectVersion = 46;
	objects = {

/* Begin PBXBuildFile section */
		668E7E0E121736384E96A1C6 /* libPods-BHXWLZS.a in Frameworks */ = {isa = PBXBuildFile; fileRef = 4F3B0D83A2153FE6CC513920 /* libPods-BHXWLZS.a */; };
		F40DC2851E310A5500DBCE74 /* BHXMainVC.storyboard in Resources */ = {isa = PBXBuildFile; fileRef = F40DC2831E310A5500DBCE74 /* BHXMainVC.storyboard */; };
		F40DC2871E310A5500DBCE74 /* Assets.xcassets in Resources */ = {isa = PBXBuildFile; fileRef = F40DC2861E310A5500DBCE74 /* Assets.xcassets */; };
		F40DC28A1E310A5500DBCE74 /* LaunchScreen.storyboard in Resources */ = {isa = PBXBuildFile; fileRef = F40DC2881E310A5500DBCE74 /* LaunchScreen.storyboard */; };
		F4225DF31E32F31C0066CE18 /* main.m in Sources */ = {isa = PBXBuildFile; fileRef = F4225DF21E32F31C0066CE18 /* main.m */; };
		F4225E081E32F3400066CE18 /* AppDelegate.m in Sources */ = {isa = PBXBuildFile; fileRef = F4225E021E32F3400066CE18 /* AppDelegate.m */; };
		F4225E0E1E32F3890066CE18 /* BHXTableViewCell.m in Sources */ = {isa = PBXBuildFile; fileRef = F4225E0C1E32F3890066CE18 /* BHXTableViewCell.m */; };
		F4225E0F1E32F3890066CE18 /* BHXTableViewCell.xib in Resources */ = {isa = PBXBuildFile; fileRef = F4225E0D1E32F3890066CE18 /* BHXTableViewCell.xib */; };
		F4225E121E32F3A00066CE18 /* BHXInputStepperView.m in Sources */ = {isa = PBXBuildFile; fileRef = F4225E111E32F3A00066CE18 /* BHXInputStepperView.m */; };
		F4225E141E32F3A90066CE18 /* BHXInputStepperView.xib in Resources */ = {isa = PBXBuildFile; fileRef = F4225E131E32F3A90066CE18 /* BHXInputStepperView.xib */; };
		F4225E171E3302530066CE18 /* GoodsModel.xcdatamodeld in Sources */ = {isa = PBXBuildFile; fileRef = F4225E151E3302530066CE18 /* GoodsModel.xcdatamodeld */; };
		F44127821E35E6FC00D7501B /* BHXAddGoodsVC.m in Sources */ = {isa = PBXBuildFile; fileRef = F44127811E35E6FC00D7501B /* BHXAddGoodsVC.m */; };
		F44127841E35E70700D7501B /* BHXAddGoodsVC.storyboard in Resources */ = {isa = PBXBuildFile; fileRef = F44127831E35E70700D7501B /* BHXAddGoodsVC.storyboard */; };
		F46037921E339E78006C4C1A /* BHXHeaderFooterView.m in Sources */ = {isa = PBXBuildFile; fileRef = F46037911E339E78006C4C1A /* BHXHeaderFooterView.m */; };
		F46037961E339E8C006C4C1A /* BHXHeaderFooterView.xib in Resources */ = {isa = PBXBuildFile; fileRef = F46037951E339E8C006C4C1A /* BHXHeaderFooterView.xib */; };
		F460379E1E33A1F2006C4C1A /* BHXLocationVC.m in Sources */ = {isa = PBXBuildFile; fileRef = F460379D1E33A1F2006C4C1A /* BHXLocationVC.m */; };
		F46037A01E33A217006C4C1A /* BHXLocationVC.storyboard in Resources */ = {isa = PBXBuildFile; fileRef = F460379F1E33A217006C4C1A /* BHXLocationVC.storyboard */; };
		F46037A31E33A283006C4C1A /* BHXMainVC.m in Sources */ = {isa = PBXBuildFile; fileRef = F46037A21E33A283006C4C1A /* BHXMainVC.m */; };
		F46CDD311E34437C00613C07 /* BHXCollectionReusableView.m in Sources */ = {isa = PBXBuildFile; fileRef = F46CDD2F1E34437C00613C07 /* BHXCollectionReusableView.m */; };
		F46CDD321E34437C00613C07 /* BHXCollectionReusableView.xib in Resources */ = {isa = PBXBuildFile; fileRef = F46CDD301E34437C00613C07 /* BHXCollectionReusableView.xib */; };
		F46CDD361E344A6E00613C07 /* BHXRuleManager.m in Sources */ = {isa = PBXBuildFile; fileRef = F46CDD351E344A6E00613C07 /* BHXRuleManager.m */; };
		F46CDD3B1E347D2100613C07 /* MTRUnderlineSegmentView.m in Sources */ = {isa = PBXBuildFile; fileRef = F46CDD3A1E347D2100613C07 /* MTRUnderlineSegmentView.m */; };
		F46CDD3E1E347D5700613C07 /* UIView+DrawAround.m in Sources */ = {isa = PBXBuildFile; fileRef = F46CDD3D1E347D5700613C07 /* UIView+DrawAround.m */; };
		F46CDD411E34823D00613C07 /* BHXCounter.m in Sources */ = {isa = PBXBuildFile; fileRef = F46CDD401E34823D00613C07 /* BHXCounter.m */; };
		F4E97D651E330B1A0090F353 /* BHXGoodsManager.m in Sources */ = {isa = PBXBuildFile; fileRef = F4E97D641E330B1A0090F353 /* BHXGoodsManager.m */; };
/* End PBXBuildFile section */

/* Begin PBXFileReference section */
		4F3B0D83A2153FE6CC513920 /* libPods-BHXWLZS.a */ = {isa = PBXFileReference; explicitFileType = archive.ar; includeInIndex = 0; path = "libPods-BHXWLZS.a"; sourceTree = BUILT_PRODUCTS_DIR; };
		6B884E1B0EC5F75736524665 /* Pods-BHXWLZS.release.xcconfig */ = {isa = PBXFileReference; includeInIndex = 1; lastKnownFileType = text.xcconfig; name = "Pods-BHXWLZS.release.xcconfig"; path = "Pods/Target Support Files/Pods-BHXWLZS/Pods-BHXWLZS.release.xcconfig"; sourceTree = "<group>"; };
		A758D0607C56C0B996F9A7B5 /* Pods-BHXWLZS.debug.xcconfig */ = {isa = PBXFileReference; includeInIndex = 1; lastKnownFileType = text.xcconfig; name = "Pods-BHXWLZS.debug.xcconfig"; path = "Pods/Target Support Files/Pods-BHXWLZS/Pods-BHXWLZS.debug.xcconfig"; sourceTree = "<group>"; };
		F40DC2771E310A5500DBCE74 /* BHXWLZS.app */ = {isa = PBXFileReference; explicitFileType = wrapper.application; includeInIndex = 0; path = BHXWLZS.app; sourceTree = BUILT_PRODUCTS_DIR; };
		F40DC2841E310A5500DBCE74 /* Base */ = {isa = PBXFileReference; lastKnownFileType = file.storyboard; name = Base; path = Base.lproj/BHXMainVC.storyboard; sourceTree = "<group>"; };
		F40DC2861E310A5500DBCE74 /* Assets.xcassets */ = {isa = PBXFileReference; lastKnownFileType = folder.assetcatalog; path = Assets.xcassets; sourceTree = "<group>"; };
		F40DC2891E310A5500DBCE74 /* Base */ = {isa = PBXFileReference; lastKnownFileType = file.storyboard; name = Base; path = Base.lproj/LaunchScreen.storyboard; sourceTree = "<group>"; };
		F40DC28B1E310A5500DBCE74 /* Info.plist */ = {isa = PBXFileReference; lastKnownFileType = text.plist.xml; path = Info.plist; sourceTree = "<group>"; };
		F4225DF21E32F31C0066CE18 /* main.m */ = {isa = PBXFileReference; fileEncoding = 4; lastKnownFileType = sourcecode.c.objc; path = main.m; sourceTree = "<group>"; };
		F4225E011E32F3400066CE18 /* AppDelegate.h */ = {isa = PBXFileReference; fileEncoding = 4; lastKnownFileType = sourcecode.c.h; path = AppDelegate.h; sourceTree = "<group>"; };
		F4225E021E32F3400066CE18 /* AppDelegate.m */ = {isa = PBXFileReference; fileEncoding = 4; lastKnownFileType = sourcecode.c.objc; path = AppDelegate.m; sourceTree = "<group>"; };
		F4225E0B1E32F3890066CE18 /* BHXTableViewCell.h */ = {isa = PBXFileReference; fileEncoding = 4; lastKnownFileType = sourcecode.c.h; path = BHXTableViewCell.h; sourceTree = "<group>"; };
		F4225E0C1E32F3890066CE18 /* BHXTableViewCell.m */ = {isa = PBXFileReference; fileEncoding = 4; lastKnownFileType = sourcecode.c.objc; path = BHXTableViewCell.m; sourceTree = "<group>"; };
		F4225E0D1E32F3890066CE18 /* BHXTableViewCell.xib */ = {isa = PBXFileReference; fileEncoding = 4; lastKnownFileType = file.xib; path = BHXTableViewCell.xib; sourceTree = "<group>"; };
		F4225E101E32F3A00066CE18 /* BHXInputStepperView.h */ = {isa = PBXFileReference; fileEncoding = 4; lastKnownFileType = sourcecode.c.h; path = BHXInputStepperView.h; sourceTree = "<group>"; };
		F4225E111E32F3A00066CE18 /* BHXInputStepperView.m */ = {isa = PBXFileReference; fileEncoding = 4; lastKnownFileType = sourcecode.c.objc; path = BHXInputStepperView.m; sourceTree = "<group>"; };
		F4225E131E32F3A90066CE18 /* BHXInputStepperView.xib */ = {isa = PBXFileReference; fileEncoding = 4; lastKnownFileType = file.xib; path = BHXInputStepperView.xib; sourceTree = "<group>"; };
		F4225E161E3302530066CE18 /* GoodsModel.xcdatamodel */ = {isa = PBXFileReference; lastKnownFileType = wrapper.xcdatamodel; path = GoodsModel.xcdatamodel; sourceTree = "<group>"; };
		F441277D1E3597D300D7501B /* BHXWLZS.pch */ = {isa = PBXFileReference; lastKnownFileType = sourcecode.c.h; path = BHXWLZS.pch; sourceTree = "<group>"; };
		F441277E1E35AD2B00D7501B /* GoodsModel 6.xcdatamodel */ = {isa = PBXFileReference; lastKnownFileType = wrapper.xcdatamodel; path = "GoodsModel 6.xcdatamodel"; sourceTree = "<group>"; };
		F441277F1E35C77200D7501B /* GoodsModel 7.xcdatamodel */ = {isa = PBXFileReference; lastKnownFileType = wrapper.xcdatamodel; path = "GoodsModel 7.xcdatamodel"; sourceTree = "<group>"; };
		F44127801E35E6FC00D7501B /* BHXAddGoodsVC.h */ = {isa = PBXFileReference; fileEncoding = 4; lastKnownFileType = sourcecode.c.h; path = BHXAddGoodsVC.h; sourceTree = "<group>"; };
		F44127811E35E6FC00D7501B /* BHXAddGoodsVC.m */ = {isa = PBXFileReference; fileEncoding = 4; lastKnownFileType = sourcecode.c.objc; path = BHXAddGoodsVC.m; sourceTree = "<group>"; };
		F44127831E35E70700D7501B /* BHXAddGoodsVC.storyboard */ = {isa = PBXFileReference; fileEncoding = 4; lastKnownFileType = file.storyboard; path = BHXAddGoodsVC.storyboard; sourceTree = "<group>"; };
		F46037901E339E78006C4C1A /* BHXHeaderFooterView.h */ = {isa = PBXFileReference; fileEncoding = 4; lastKnownFileType = sourcecode.c.h; path = BHXHeaderFooterView.h; sourceTree = "<group>"; };
		F46037911E339E78006C4C1A /* BHXHeaderFooterView.m */ = {isa = PBXFileReference; fileEncoding = 4; lastKnownFileType = sourcecode.c.objc; path = BHXHeaderFooterView.m; sourceTree = "<group>"; };
		F46037951E339E8C006C4C1A /* BHXHeaderFooterView.xib */ = {isa = PBXFileReference; fileEncoding = 4; lastKnownFileType = file.xib; path = BHXHeaderFooterView.xib; sourceTree = "<group>"; };
		F460379C1E33A1F2006C4C1A /* BHXLocationVC.h */ = {isa = PBXFileReference; fileEncoding = 4; lastKnownFileType = sourcecode.c.h; path = BHXLocationVC.h; sourceTree = "<group>"; };
		F460379D1E33A1F2006C4C1A /* BHXLocationVC.m */ = {isa = PBXFileReference; fileEncoding = 4; lastKnownFileType = sourcecode.c.objc; path = BHXLocationVC.m; sourceTree = "<group>"; };
		F460379F1E33A217006C4C1A /* BHXLocationVC.storyboard */ = {isa = PBXFileReference; fileEncoding = 4; lastKnownFileType = file.storyboard; path = BHXLocationVC.storyboard; sourceTree = "<group>"; };
		F46037A11E33A283006C4C1A /* BHXMainVC.h */ = {isa = PBXFileReference; fileEncoding = 4; lastKnownFileType = sourcecode.c.h; path = BHXMainVC.h; sourceTree = "<group>"; };
		F46037A21E33A283006C4C1A /* BHXMainVC.m */ = {isa = PBXFileReference; fileEncoding = 4; lastKnownFileType = sourcecode.c.objc; path = BHXMainVC.m; sourceTree = "<group>"; };
		F46CDD2E1E34437C00613C07 /* BHXCollectionReusableView.h */ = {isa = PBXFileReference; fileEncoding = 4; lastKnownFileType = sourcecode.c.h; path = BHXCollectionReusableView.h; sourceTree = "<group>"; };
		F46CDD2F1E34437C00613C07 /* BHXCollectionReusableView.m */ = {isa = PBXFileReference; fileEncoding = 4; lastKnownFileType = sourcecode.c.objc; path = BHXCollectionReusableView.m; sourceTree = "<group>"; };
		F46CDD301E34437C00613C07 /* BHXCollectionReusableView.xib */ = {isa = PBXFileReference; fileEncoding = 4; lastKnownFileType = file.xib; path = BHXCollectionReusableView.xib; sourceTree = "<group>"; };
		F46CDD331E34466000613C07 /* GoodsModel 3.xcdatamodel */ = {isa = PBXFileReference; lastKnownFileType = wrapper.xcdatamodel; path = "GoodsModel 3.xcdatamodel"; sourceTree = "<group>"; };
		F46CDD341E344A6E00613C07 /* BHXRuleManager.h */ = {isa = PBXFileReference; fileEncoding = 4; lastKnownFileType = sourcecode.c.h; path = BHXRuleManager.h; sourceTree = "<group>"; };
		F46CDD351E344A6E00613C07 /* BHXRuleManager.m */ = {isa = PBXFileReference; fileEncoding = 4; lastKnownFileType = sourcecode.c.objc; path = BHXRuleManager.m; sourceTree = "<group>"; };
		F46CDD371E344B3C00613C07 /* GoodsModel 4.xcdatamodel */ = {isa = PBXFileReference; lastKnownFileType = wrapper.xcdatamodel; path = "GoodsModel 4.xcdatamodel"; sourceTree = "<group>"; };
		F46CDD381E344CE500613C07 /* GoodsModel 5.xcdatamodel */ = {isa = PBXFileReference; lastKnownFileType = wrapper.xcdatamodel; path = "GoodsModel 5.xcdatamodel"; sourceTree = "<group>"; };
		F46CDD391E347D2100613C07 /* MTRUnderlineSegmentView.h */ = {isa = PBXFileReference; fileEncoding = 4; lastKnownFileType = sourcecode.c.h; path = MTRUnderlineSegmentView.h; sourceTree = "<group>"; };
		F46CDD3A1E347D2100613C07 /* MTRUnderlineSegmentView.m */ = {isa = PBXFileReference; fileEncoding = 4; lastKnownFileType = sourcecode.c.objc; path = MTRUnderlineSegmentView.m; sourceTree = "<group>"; };
		F46CDD3C1E347D5700613C07 /* UIView+DrawAround.h */ = {isa = PBXFileReference; fileEncoding = 4; lastKnownFileType = sourcecode.c.h; path = "UIView+DrawAround.h"; sourceTree = "<group>"; };
		F46CDD3D1E347D5700613C07 /* UIView+DrawAround.m */ = {isa = PBXFileReference; fileEncoding = 4; lastKnownFileType = sourcecode.c.objc; path = "UIView+DrawAround.m"; sourceTree = "<group>"; };
		F46CDD3F1E34823D00613C07 /* BHXCounter.h */ = {isa = PBXFileReference; fileEncoding = 4; lastKnownFileType = sourcecode.c.h; path = BHXCounter.h; sourceTree = "<group>"; };
		F46CDD401E34823D00613C07 /* BHXCounter.m */ = {isa = PBXFileReference; fileEncoding = 4; lastKnownFileType = sourcecode.c.objc; path = BHXCounter.m; sourceTree = "<group>"; };
		F4E97D631E330B1A0090F353 /* BHXGoodsManager.h */ = {isa = PBXFileReference; fileEncoding = 4; lastKnownFileType = sourcecode.c.h; path = BHXGoodsManager.h; sourceTree = "<group>"; };
		F4E97D641E330B1A0090F353 /* BHXGoodsManager.m */ = {isa = PBXFileReference; fileEncoding = 4; lastKnownFileType = sourcecode.c.objc; path = BHXGoodsManager.m; sourceTree = "<group>"; };
		F4E97D661E332BDA0090F353 /* GoodsModel 2.xcdatamodel */ = {isa = PBXFileReference; lastKnownFileType = wrapper.xcdatamodel; path = "GoodsModel 2.xcdatamodel"; sourceTree = "<group>"; };
/* End PBXFileReference section */

/* Begin PBXFrameworksBuildPhase section */
		F40DC2741E310A5400DBCE74 /* Frameworks */ = {
			isa = PBXFrameworksBuildPhase;
			buildActionMask = 2147483647;
			files = (
				668E7E0E121736384E96A1C6 /* libPods-BHXWLZS.a in Frameworks */,
			);
			runOnlyForDeploymentPostprocessing = 0;
		};
/* End PBXFrameworksBuildPhase section */

/* Begin PBXGroup section */
		A03134F287A00B70331DD439 /* Frameworks */ = {
			isa = PBXGroup;
			children = (
				4F3B0D83A2153FE6CC513920 /* libPods-BHXWLZS.a */,
			);
			name = Frameworks;
			sourceTree = "<group>";
		};
		D5681690DD2FC9B160CE4BF9 /* Pods */ = {
			isa = PBXGroup;
			children = (
				A758D0607C56C0B996F9A7B5 /* Pods-BHXWLZS.debug.xcconfig */,
				6B884E1B0EC5F75736524665 /* Pods-BHXWLZS.release.xcconfig */,
			);
			name = Pods;
			sourceTree = "<group>";
		};
		F40DC26E1E310A5400DBCE74 = {
			isa = PBXGroup;
			children = (
				F40DC2791E310A5500DBCE74 /* BHXWLZS */,
				F40DC2781E310A5500DBCE74 /* Products */,
				D5681690DD2FC9B160CE4BF9 /* Pods */,
				A03134F287A00B70331DD439 /* Frameworks */,
			);
			sourceTree = "<group>";
		};
		F40DC2781E310A5500DBCE74 /* Products */ = {
			isa = PBXGroup;
			children = (
				F40DC2771E310A5500DBCE74 /* BHXWLZS.app */,
			);
			name = Products;
			sourceTree = "<group>";
		};
		F40DC2791E310A5500DBCE74 /* BHXWLZS */ = {
			isa = PBXGroup;
			children = (
				F4225DFC1E32F3400066CE18 /* Controller */,
				F4225DFF1E32F3400066CE18 /* Model */,
				F4225E001E32F3400066CE18 /* Other */,
				F4225E031E32F3400066CE18 /* View */,
				F40DC27A1E310A5500DBCE74 /* Supporting Files */,
			);
			path = BHXWLZS;
			sourceTree = "<group>";
		};
		F40DC27A1E310A5500DBCE74 /* Supporting Files */ = {
			isa = PBXGroup;
			children = (
				F40DC2861E310A5500DBCE74 /* Assets.xcassets */,
				F441277D1E3597D300D7501B /* BHXWLZS.pch */,
				F40DC28B1E310A5500DBCE74 /* Info.plist */,
				F4225DF21E32F31C0066CE18 /* main.m */,
			);
			name = "Supporting Files";
			sourceTree = "<group>";
		};
		F4225DFC1E32F3400066CE18 /* Controller */ = {
			isa = PBXGroup;
			children = (
				F46037A11E33A283006C4C1A /* BHXMainVC.h */,
				F46037A21E33A283006C4C1A /* BHXMainVC.m */,
				F40DC2831E310A5500DBCE74 /* BHXMainVC.storyboard */,
				F460379C1E33A1F2006C4C1A /* BHXLocationVC.h */,
				F460379D1E33A1F2006C4C1A /* BHXLocationVC.m */,
				F460379F1E33A217006C4C1A /* BHXLocationVC.storyboard */,
				F44127801E35E6FC00D7501B /* BHXAddGoodsVC.h */,
				F44127811E35E6FC00D7501B /* BHXAddGoodsVC.m */,
				F44127831E35E70700D7501B /* BHXAddGoodsVC.storyboard */,
			);
			path = Controller;
			sourceTree = "<group>";
		};
		F4225DFF1E32F3400066CE18 /* Model */ = {
			isa = PBXGroup;
			children = (
				F4225E151E3302530066CE18 /* GoodsModel.xcdatamodeld */,
				F4E97D631E330B1A0090F353 /* BHXGoodsManager.h */,
				F4E97D641E330B1A0090F353 /* BHXGoodsManager.m */,
				F46CDD341E344A6E00613C07 /* BHXRuleManager.h */,
				F46CDD351E344A6E00613C07 /* BHXRuleManager.m */,
			);
			path = Model;
			sourceTree = "<group>";
		};
		F4225E001E32F3400066CE18 /* Other */ = {
			isa = PBXGroup;
			children = (
				F46CDD3F1E34823D00613C07 /* BHXCounter.h */,
				F46CDD401E34823D00613C07 /* BHXCounter.m */,
				F4225E011E32F3400066CE18 /* AppDelegate.h */,
				F4225E021E32F3400066CE18 /* AppDelegate.m */,
				F46CDD3C1E347D5700613C07 /* UIView+DrawAround.h */,
				F46CDD3D1E347D5700613C07 /* UIView+DrawAround.m */,
				F40DC2881E310A5500DBCE74 /* LaunchScreen.storyboard */,
			);
			path = Other;
			sourceTree = "<group>";
		};
		F4225E031E32F3400066CE18 /* View */ = {
			isa = PBXGroup;
			children = (
				F46037901E339E78006C4C1A /* BHXHeaderFooterView.h */,
				F46037911E339E78006C4C1A /* BHXHeaderFooterView.m */,
				F46037951E339E8C006C4C1A /* BHXHeaderFooterView.xib */,
				F4225E0B1E32F3890066CE18 /* BHXTableViewCell.h */,
				F4225E0C1E32F3890066CE18 /* BHXTableViewCell.m */,
				F4225E0D1E32F3890066CE18 /* BHXTableViewCell.xib */,
				F4225E101E32F3A00066CE18 /* BHXInputStepperView.h */,
				F4225E111E32F3A00066CE18 /* BHXInputStepperView.m */,
				F4225E131E32F3A90066CE18 /* BHXInputStepperView.xib */,
				F46CDD2E1E34437C00613C07 /* BHXCollectionReusableView.h */,
				F46CDD2F1E34437C00613C07 /* BHXCollectionReusableView.m */,
				F46CDD301E34437C00613C07 /* BHXCollectionReusableView.xib */,
				F46CDD391E347D2100613C07 /* MTRUnderlineSegmentView.h */,
				F46CDD3A1E347D2100613C07 /* MTRUnderlineSegmentView.m */,
			);
			path = View;
			sourceTree = "<group>";
		};
/* End PBXGroup section */

/* Begin PBXNativeTarget section */
		F40DC2761E310A5400DBCE74 /* BHXWLZS */ = {
			isa = PBXNativeTarget;
			buildConfigurationList = F40DC28E1E310A5500DBCE74 /* Build configuration list for PBXNativeTarget "BHXWLZS" */;
			buildPhases = (
				A5DE41925F5264EF5819BF19 /* [CP] Check Pods Manifest.lock */,
				F40DC2731E310A5400DBCE74 /* Sources */,
				F40DC2741E310A5400DBCE74 /* Frameworks */,
				F40DC2751E310A5400DBCE74 /* Resources */,
				1E7C15F766BE8A27D0CB1E49 /* [CP] Embed Pods Frameworks */,
				FFB075A13D4BD11DF1801EBE /* [CP] Copy Pods Resources */,
			);
			buildRules = (
			);
			dependencies = (
			);
			name = BHXWLZS;
			productName = BHXWLZS;
			productReference = F40DC2771E310A5500DBCE74 /* BHXWLZS.app */;
			productType = "com.apple.product-type.application";
		};
/* End PBXNativeTarget section */

/* Begin PBXProject section */
		F40DC26F1E310A5400DBCE74 /* Project object */ = {
			isa = PBXProject;
			attributes = {
				CLASSPREFIX = BHX;
				LastUpgradeCheck = 0820;
				ORGANIZATIONNAME = Danyow.Ed;
				TargetAttributes = {
					F40DC2761E310A5400DBCE74 = {
						CreatedOnToolsVersion = 8.2.1;
						DevelopmentTeam = 72GJ4BTB4F;
						ProvisioningStyle = Manual;
					};
				};
			};
			buildConfigurationList = F40DC2721E310A5400DBCE74 /* Build configuration list for PBXProject "BHXWLZS" */;
			compatibilityVersion = "Xcode 3.2";
			developmentRegion = English;
			hasScannedForEncodings = 0;
			knownRegions = (
				en,
				Base,
			);
			mainGroup = F40DC26E1E310A5400DBCE74;
			productRefGroup = F40DC2781E310A5500DBCE74 /* Products */;
			projectDirPath = "";
			projectRoot = "";
			targets = (
				F40DC2761E310A5400DBCE74 /* BHXWLZS */,
			);
		};
/* End PBXProject section */

/* Begin PBXResourcesBuildPhase section */
		F40DC2751E310A5400DBCE74 /* Resources */ = {
			isa = PBXResourcesBuildPhase;
			buildActionMask = 2147483647;
			files = (
				F4225E141E32F3A90066CE18 /* BHXInputStepperView.xib in Resources */,
				F40DC28A1E310A5500DBCE74 /* LaunchScreen.storyboard in Resources */,
				F46CDD321E34437C00613C07 /* BHXCollectionReusableView.xib in Resources */,
				F40DC2871E310A5500DBCE74 /* Assets.xcassets in Resources */,
				F46037A01E33A217006C4C1A /* BHXLocationVC.storyboard in Resources */,
				F4225E0F1E32F3890066CE18 /* BHXTableViewCell.xib in Resources */,
				F40DC2851E310A5500DBCE74 /* BHXMainVC.storyboard in Resources */,
				F44127841E35E70700D7501B /* BHXAddGoodsVC.storyboard in Resources */,
				F46037961E339E8C006C4C1A /* BHXHeaderFooterView.xib in Resources */,
			);
			runOnlyForDeploymentPostprocessing = 0;
		};
/* End PBXResourcesBuildPhase section */

/* Begin PBXShellScriptBuildPhase section */
		1E7C15F766BE8A27D0CB1E49 /* [CP] Embed Pods Frameworks */ = {
			isa = PBXShellScriptBuildPhase;
			buildActionMask = 2147483647;
			files = (
			);
			inputPaths = (
			);
			name = "[CP] Embed Pods Frameworks";
			outputPaths = (
			);
			runOnlyForDeploymentPostprocessing = 0;
			shellPath = /bin/sh;
			shellScript = "\"${SRCROOT}/Pods/Target Support Files/Pods-BHXWLZS/Pods-BHXWLZS-frameworks.sh\"\n";
			showEnvVarsInLog = 0;
		};
		A5DE41925F5264EF5819BF19 /* [CP] Check Pods Manifest.lock */ = {
			isa = PBXShellScriptBuildPhase;
			buildActionMask = 2147483647;
			files = (
			);
			inputPaths = (
			);
			name = "[CP] Check Pods Manifest.lock";
			outputPaths = (
			);
			runOnlyForDeploymentPostprocessing = 0;
			shellPath = /bin/sh;
			shellScript = "diff \"${PODS_ROOT}/../Podfile.lock\" \"${PODS_ROOT}/Manifest.lock\" > /dev/null\nif [ $? != 0 ] ; then\n    # print error to STDERR\n    echo \"error: The sandbox is not in sync with the Podfile.lock. Run 'pod install' or update your CocoaPods installation.\" >&2\n    exit 1\nfi\n";
			showEnvVarsInLog = 0;
		};
		FFB075A13D4BD11DF1801EBE /* [CP] Copy Pods Resources */ = {
			isa = PBXShellScriptBuildPhase;
			buildActionMask = 2147483647;
			files = (
			);
			inputPaths = (
			);
			name = "[CP] Copy Pods Resources";
			outputPaths = (
			);
			runOnlyForDeploymentPostprocessing = 0;
			shellPath = /bin/sh;
			shellScript = "\"${SRCROOT}/Pods/Target Support Files/Pods-BHXWLZS/Pods-BHXWLZS-resources.sh\"\n";
			showEnvVarsInLog = 0;
		};
/* End PBXShellScriptBuildPhase section */

/* Begin PBXSourcesBuildPhase section */
		F40DC2731E310A5400DBCE74 /* Sources */ = {
			isa = PBXSourcesBuildPhase;
			buildActionMask = 2147483647;
			files = (
				F46CDD361E344A6E00613C07 /* BHXRuleManager.m in Sources */,
				F46CDD411E34823D00613C07 /* BHXCounter.m in Sources */,
				F4225E171E3302530066CE18 /* GoodsModel.xcdatamodeld in Sources */,
				F4225DF31E32F31C0066CE18 /* main.m in Sources */,
				F4225E0E1E32F3890066CE18 /* BHXTableViewCell.m in Sources */,
				F460379E1E33A1F2006C4C1A /* BHXLocationVC.m in Sources */,
				F46037A31E33A283006C4C1A /* BHXMainVC.m in Sources */,
				F4E97D651E330B1A0090F353 /* BHXGoodsManager.m in Sources */,
				F46CDD3E1E347D5700613C07 /* UIView+DrawAround.m in Sources */,
				F46CDD3B1E347D2100613C07 /* MTRUnderlineSegmentView.m in Sources */,
				F44127821E35E6FC00D7501B /* BHXAddGoodsVC.m in Sources */,
				F4225E121E32F3A00066CE18 /* BHXInputStepperView.m in Sources */,
				F4225E081E32F3400066CE18 /* AppDelegate.m in Sources */,
				F46CDD311E34437C00613C07 /* BHXCollectionReusableView.m in Sources */,
				F46037921E339E78006C4C1A /* BHXHeaderFooterView.m in Sources */,
			);
			runOnlyForDeploymentPostprocessing = 0;
		};
/* End PBXSourcesBuildPhase section */

/* Begin PBXVariantGroup section */
		F40DC2831E310A5500DBCE74 /* BHXMainVC.storyboard */ = {
			isa = PBXVariantGroup;
			children = (
				F40DC2841E310A5500DBCE74 /* Base */,
			);
			name = BHXMainVC.storyboard;
			path = ..;
			sourceTree = "<group>";
		};
		F40DC2881E310A5500DBCE74 /* LaunchScreen.storyboard */ = {
			isa = PBXVariantGroup;
			children = (
				F40DC2891E310A5500DBCE74 /* Base */,
			);
			name = LaunchScreen.storyboard;
			path = ..;
			sourceTree = "<group>";
		};
/* End PBXVariantGroup section */

/* Begin XCBuildConfiguration section */
		F40DC28C1E310A5500DBCE74 /* Debug */ = {
			isa = XCBuildConfiguration;
			buildSettings = {
				ALWAYS_SEARCH_USER_PATHS = NO;
				CLANG_ANALYZER_NONNULL = YES;
				CLANG_CXX_LANGUAGE_STANDARD = "gnu++0x";
				CLANG_CXX_LIBRARY = "libc++";
				CLANG_ENABLE_MODULES = YES;
				CLANG_ENABLE_OBJC_ARC = YES;
				CLANG_WARN_BOOL_CONVERSION = YES;
				CLANG_WARN_CONSTANT_CONVERSION = YES;
				CLANG_WARN_DIRECT_OBJC_ISA_USAGE = YES_ERROR;
				CLANG_WARN_DOCUMENTATION_COMMENTS = YES;
				CLANG_WARN_EMPTY_BODY = YES;
				CLANG_WARN_ENUM_CONVERSION = YES;
				CLANG_WARN_INFINITE_RECURSION = YES;
				CLANG_WARN_INT_CONVERSION = YES;
				CLANG_WARN_OBJC_ROOT_CLASS = YES_ERROR;
				CLANG_WARN_SUSPICIOUS_MOVE = YES;
				CLANG_WARN_UNREACHABLE_CODE = YES;
				CLANG_WARN__DUPLICATE_METHOD_MATCH = YES;
				"CODE_SIGN_IDENTITY[sdk=iphoneos*]" = "iPhone Developer";
				COPY_PHASE_STRIP = NO;
				DEBUG_INFORMATION_FORMAT = dwarf;
				ENABLE_STRICT_OBJC_MSGSEND = YES;
				ENABLE_TESTABILITY = YES;
				GCC_C_LANGUAGE_STANDARD = gnu99;
				GCC_DYNAMIC_NO_PIC = NO;
				GCC_NO_COMMON_BLOCKS = YES;
				GCC_OPTIMIZATION_LEVEL = 0;
				GCC_PREPROCESSOR_DEFINITIONS = (
					"DEBUG=1",
					"$(inherited)",
				);
				GCC_WARN_64_TO_32_BIT_CONVERSION = YES;
				GCC_WARN_ABOUT_RETURN_TYPE = YES_ERROR;
				GCC_WARN_UNDECLARED_SELECTOR = YES;
				GCC_WARN_UNINITIALIZED_AUTOS = YES_AGGRESSIVE;
				GCC_WARN_UNUSED_FUNCTION = YES;
				GCC_WARN_UNUSED_VARIABLE = YES;
				IPHONEOS_DEPLOYMENT_TARGET = 9.0;
				MTL_ENABLE_DEBUG_INFO = YES;
				ONLY_ACTIVE_ARCH = YES;
				SDKROOT = iphoneos;
			};
			name = Debug;
		};
		F40DC28D1E310A5500DBCE74 /* Release */ = {
			isa = XCBuildConfiguration;
			buildSettings = {
				ALWAYS_SEARCH_USER_PATHS = NO;
				CLANG_ANALYZER_NONNULL = YES;
				CLANG_CXX_LANGUAGE_STANDARD = "gnu++0x";
				CLANG_CXX_LIBRARY = "libc++";
				CLANG_ENABLE_MODULES = YES;
				CLANG_ENABLE_OBJC_ARC = YES;
				CLANG_WARN_BOOL_CONVERSION = YES;
				CLANG_WARN_CONSTANT_CONVERSION = YES;
				CLANG_WARN_DIRECT_OBJC_ISA_USAGE = YES_ERROR;
				CLANG_WARN_DOCUMENTATION_COMMENTS = YES;
				CLANG_WARN_EMPTY_BODY = YES;
				CLANG_WARN_ENUM_CONVERSION = YES;
				CLANG_WARN_INFINITE_RECURSION = YES;
				CLANG_WARN_INT_CONVERSION = YES;
				CLANG_WARN_OBJC_ROOT_CLASS = YES_ERROR;
				CLANG_WARN_SUSPICIOUS_MOVE = YES;
				CLANG_WARN_UNREACHABLE_CODE = YES;
				CLANG_WARN__DUPLICATE_METHOD_MATCH = YES;
				"CODE_SIGN_IDENTITY[sdk=iphoneos*]" = "iPhone Developer";
				COPY_PHASE_STRIP = NO;
				DEBUG_INFORMATION_FORMAT = "dwarf-with-dsym";
				ENABLE_NS_ASSERTIONS = NO;
				ENABLE_STRICT_OBJC_MSGSEND = YES;
				GCC_C_LANGUAGE_STANDARD = gnu99;
				GCC_NO_COMMON_BLOCKS = YES;
				GCC_WARN_64_TO_32_BIT_CONVERSION = YES;
				GCC_WARN_ABOUT_RETURN_TYPE = YES_ERROR;
				GCC_WARN_UNDECLARED_SELECTOR = YES;
				GCC_WARN_UNINITIALIZED_AUTOS = YES_AGGRESSIVE;
				GCC_WARN_UNUSED_FUNCTION = YES;
				GCC_WARN_UNUSED_VARIABLE = YES;
				IPHONEOS_DEPLOYMENT_TARGET = 9.0;
				MTL_ENABLE_DEBUG_INFO = NO;
				SDKROOT = iphoneos;
				VALIDATE_PRODUCT = YES;
			};
			name = Release;
		};
		F40DC28F1E310A5500DBCE74 /* Debug */ = {
			isa = XCBuildConfiguration;
			baseConfigurationReference = A758D0607C56C0B996F9A7B5 /* Pods-BHXWLZS.debug.xcconfig */;
			buildSettings = {
				ASSETCATALOG_COMPILER_APPICON_NAME = AppIcon;
				CODE_SIGN_IDENTITY = "iPhone Developer: JunHong Zhu (285AA3RCX7)";
				DEVELOPMENT_TEAM = 72GJ4BTB4F;
				GCC_PREFIX_HEADER = "$(SRCROOT)/BHXWLZS/BHXWLZS.pch";
				INFOPLIST_FILE = BHXWLZS/Info.plist;
				LD_RUNPATH_SEARCH_PATHS = "$(inherited) @executable_path/Frameworks";
				PRODUCT_BUNDLE_IDENTIFIER = Danyow.Ed.BHXWLZS;
				PRODUCT_NAME = "$(TARGET_NAME)";
				PROVISIONING_PROFILE = "1c7380e5-a059-4101-a270-2d5a59d58994";
				PROVISIONING_PROFILE_SPECIFIER = BHXWLZSDevelopment;
				TARGETED_DEVICE_FAMILY = "1,2";
			};
			name = Debug;
		};
		F40DC2901E310A5500DBCE74 /* Release */ = {
			isa = XCBuildConfiguration;
			baseConfigurationReference = 6B884E1B0EC5F75736524665 /* Pods-BHXWLZS.release.xcconfig */;
			buildSettings = {
				ASSETCATALOG_COMPILER_APPICON_NAME = AppIcon;
				CODE_SIGN_IDENTITY = "iPhone Distribution: JunHong Zhu (72GJ4BTB4F)";
				DEVELOPMENT_TEAM = 72GJ4BTB4F;
				GCC_PREFIX_HEADER = "$(SRCROOT)/BHXWLZS/BHXWLZS.pch";
				INFOPLIST_FILE = BHXWLZS/Info.plist;
				LD_RUNPATH_SEARCH_PATHS = "$(inherited) @executable_path/Frameworks";
				PRODUCT_BUNDLE_IDENTIFIER = Danyow.Ed.BHXWLZS;
				PRODUCT_NAME = "$(TARGET_NAME)";
				PROVISIONING_PROFILE = "d1ea0933-0a38-4ff2-bd1e-80526ac9759a";
				PROVISIONING_PROFILE_SPECIFIER = BHXWLZSAppStore;
				TARGETED_DEVICE_FAMILY = "1,2";
			};
			name = Release;
		};
/* End XCBuildConfiguration section */

/* Begin XCConfigurationList section */
		F40DC2721E310A5400DBCE74 /* Build configuration list for PBXProject "BHXWLZS" */ = {
			isa = XCConfigurationList;
			buildConfigurations = (
				F40DC28C1E310A5500DBCE74 /* Debug */,
				F40DC28D1E310A5500DBCE74 /* Release */,
			);
			defaultConfigurationIsVisible = 0;
			defaultConfigurationName = Release;
		};
		F40DC28E1E310A5500DBCE74 /* Build configuration list for PBXNativeTarget "BHXWLZS" */ = {
			isa = XCConfigurationList;
			buildConfigurations = (
				F40DC28F1E310A5500DBCE74 /* Debug */,
				F40DC2901E310A5500DBCE74 /* Release */,
			);
			defaultConfigurationIsVisible = 0;
			defaultConfigurationName = Release;
		};
/* End XCConfigurationList section */

/* Begin XCVersionGroup section */
		F4225E151E3302530066CE18 /* GoodsModel.xcdatamodeld */ = {
			isa = XCVersionGroup;
			children = (
				F441277F1E35C77200D7501B /* GoodsModel 7.xcdatamodel */,
				F441277E1E35AD2B00D7501B /* GoodsModel 6.xcdatamodel */,
				F46CDD381E344CE500613C07 /* GoodsModel 5.xcdatamodel */,
				F46CDD371E344B3C00613C07 /* GoodsModel 4.xcdatamodel */,
				F46CDD331E34466000613C07 /* GoodsModel 3.xcdatamodel */,
				F4E97D661E332BDA0090F353 /* GoodsModel 2.xcdatamodel */,
				F4225E161E3302530066CE18 /* GoodsModel.xcdatamodel */,
			);
			currentVersion = F441277F1E35C77200D7501B /* GoodsModel 7.xcdatamodel */;
			path = GoodsModel.xcdatamodeld;
			sourceTree = "<group>";
			versionGroupType = wrapper.xcdatamodel;
		};
/* End XCVersionGroup section */
	};
	rootObject = F40DC26F1E310A5400DBCE74 /* Project object */;
}
