PODS:
  - IQKeyboardManager (4.0.8)
  - MagicalRecord (2.3.2):
    - MagicalRecord/Core (= 2.3.2)
  - MagicalRecord/Core (2.3.2)
  - Masonry (1.0.2)
  - UICountingLabel (1.4.0)

DEPENDENCIES:
  - IQKeyboardManager
  - MagicalRecord
  - Masonry
  - UICountingLabel

SPEC CHECKSUMS:
  IQKeyboardManager: 1a8189fa153bf09044355ee0ad36826f6767e7f7
  MagicalRecord: 53bed74b4323b930992a725be713e53b37d19755
  Masonry: 7c429b56da9d4ee0bbb3ed77a5ea710d6a5df39e
  UICountingLabel: ed5ce5b6d5ef278ff40d99cfa49577a30ab0c87b

PODFILE CHECKSUM: a81fc82d5327209e9498427291463050d039b5a2

COCOAPODS: 1.1.1
